
Microsoft Visual Studio Solution File, Format Version 12.00
# Visual Studio Version 16
VisualStudioVersion = 25.0.1704.3
MinimumVisualStudioVersion = 10.0.40219.1
Project("{FAE04EC0-301F-11D3-BF4B-00C04F79EFBC}") = "DivisibleSumPair", "DivisibleSumPair.csproj", "{A25995AE-93C1-4BF3-8A09-793A1D9F09EF}"
EndProject
Global
	GlobalSection(SolutionConfigurationPlatforms) = preSolution
		Debug|Any CPU = Debug|Any CPU
		Release|Any CPU = Release|Any CPU
	EndGlobalSection
	GlobalSection(ProjectConfigurationPlatforms) = postSolution
		{A25995AE-93C1-4BF3-8A09-793A1D9F09EF}.Debug|Any CPU.ActiveCfg = Debug|Any CPU
		{A25995AE-93C1-4BF3-8A09-793A1D9F09EF}.Debug|Any CPU.Build.0 = Debug|Any CPU
		{A25995AE-93C1-4BF3-8A09-793A1D9F09EF}.Release|Any CPU.ActiveCfg = Release|Any CPU
		{A25995AE-93C1-4BF3-8A09-793A1D9F09EF}.Release|Any CPU.Build.0 = Release|Any CPU
	EndGlobalSection
	GlobalSection(SolutionProperties) = preSolution
		HideSolutionNode = FALSE
	EndGlobalSection
	GlobalSection(ExtensibilityGlobals) = postSolution
		SolutionGuid = {CCDDC708-6C6C-4BC2-A2B5-345164C3D42D}
	EndGlobalSection
EndGlobal
